
Microsoft Visual Studio Solution File, Format Version 12.00
# Visual Studio 2013
VisualStudioVersion = 12.0.40629.0
MinimumVisualStudioVersion = 10.0.40219.1
Project("{FAE04EC0-301F-11D3-BF4B-00C04F79EFBC}") = "ScriptHelp", "ScriptHelp.csproj", "{2D2477A6-DC2F-4D3E-AE1B-8392C7AB56E4}"
EndProject
Global
	GlobalSection(TeamFoundationVersionControl) = preSolution
		SccNumberOfProjects = 2
		SccEnterpriseProvider = {4CA58AB2-18FA-4F8D-95D4-32DDF27D184C}
		SccLocalPath0 = .
		SccProjectUniqueName1 = ScriptHelp.csproj
		SccLocalPath1 = .
	EndGlobalSection
	GlobalSection(SolutionConfigurationPlatforms) = preSolution
		Debug|Any CPU = Debug|Any CPU
		Release|Any CPU = Release|Any CPU
	EndGlobalSection
	GlobalSection(ProjectConfigurationPlatforms) = postSolution
		{2D2477A6-DC2F-4D3E-AE1B-8392C7AB56E4}.Debug|Any CPU.ActiveCfg = Debug|Any CPU
		{2D2477A6-DC2F-4D3E-AE1B-8392C7AB56E4}.Debug|Any CPU.Build.0 = Debug|Any CPU
		{2D2477A6-DC2F-4D3E-AE1B-8392C7AB56E4}.Release|Any CPU.ActiveCfg = Release|Any CPU
		{2D2477A6-DC2F-4D3E-AE1B-8392C7AB56E4}.Release|Any CPU.Build.0 = Release|Any CPU
	EndGlobalSection
	GlobalSection(SolutionProperties) = preSolution
		HideSolutionNode = FALSE
	EndGlobalSection
EndGlobal
